// !$*UTF8*$!
{
	archiveVersion = 1;
	classes = {
	};
	objectVersion = 48;
	objects = {

/* Begin PBXBuildFile section */
		6D10B83B1FEB56AD0052DD60 /* XZYLeadScrollView.m in Sources */ = {isa = PBXBuildFile; fileRef = 6D10B83A1FEB56AD0052DD60 /* XZYLeadScrollView.m */; };
		6DEC37F31FEA955600354AA0 /* AppDelegate.m in Sources */ = {isa = PBXBuildFile; fileRef = 6DEC37F21FEA955600354AA0 /* AppDelegate.m */; };
		6DEC37F61FEA955600354AA0 /* ViewController.m in Sources */ = {isa = PBXBuildFile; fileRef = 6DEC37F51FEA955600354AA0 /* ViewController.m */; };
		6DEC37F91FEA955600354AA0 /* Main.storyboard in Resources */ = {isa = PBXBuildFile; fileRef = 6DEC37F71FEA955600354AA0 /* Main.storyboard */; };
		6DEC37FB1FEA955600354AA0 /* Assets.xcassets in Resources */ = {isa = PBXBuildFile; fileRef = 6DEC37FA1FEA955600354AA0 /* Assets.xcassets */; };
		6DEC37FE1FEA955600354AA0 /* LaunchScreen.storyboard in Resources */ = {isa = PBXBuildFile; fileRef = 6DEC37FC1FEA955600354AA0 /* LaunchScreen.storyboard */; };
		6DEC38011FEA955600354AA0 /* main.m in Sources */ = {isa = PBXBuildFile; fileRef = 6DEC38001FEA955600354AA0 /* main.m */; };
/* End PBXBuildFile section */

/* Begin PBXFileReference section */
		6D10B8391FEB56AD0052DD60 /* XZYLeadScrollView.h */ = {isa = PBXFileReference; lastKnownFileType = sourcecode.c.h; path = XZYLeadScrollView.h; sourceTree = "<group>"; };
		6D10B83A1FEB56AD0052DD60 /* XZYLeadScrollView.m */ = {isa = PBXFileReference; lastKnownFileType = sourcecode.c.objc; path = XZYLeadScrollView.m; sourceTree = "<group>"; };
		6DEC37EE1FEA955600354AA0 /* XZYLeadViewController.app */ = {isa = PBXFileReference; explicitFileType = wrapper.application; includeInIndex = 0; path = XZYLeadViewController.app; sourceTree = BUILT_PRODUCTS_DIR; };
		6DEC37F11FEA955600354AA0 /* AppDelegate.h */ = {isa = PBXFileReference; lastKnownFileType = sourcecode.c.h; path = AppDelegate.h; sourceTree = "<group>"; };
		6DEC37F21FEA955600354AA0 /* AppDelegate.m */ = {isa = PBXFileReference; lastKnownFileType = sourcecode.c.objc; path = AppDelegate.m; sourceTree = "<group>"; };
		6DEC37F41FEA955600354AA0 /* ViewController.h */ = {isa = PBXFileReference; lastKnownFileType = sourcecode.c.h; path = ViewController.h; sourceTree = "<group>"; };
		6DEC37F51FEA955600354AA0 /* ViewController.m */ = {isa = PBXFileReference; lastKnownFileType = sourcecode.c.objc; path = ViewController.m; sourceTree = "<group>"; };
		6DEC37F81FEA955600354AA0 /* Base */ = {isa = PBXFileReference; lastKnownFileType = file.storyboard; name = Base; path = Base.lproj/Main.storyboard; sourceTree = "<group>"; };
		6DEC37FA1FEA955600354AA0 /* Assets.xcassets */ = {isa = PBXFileReference; lastKnownFileType = folder.assetcatalog; path = Assets.xcassets; sourceTree = "<group>"; };
		6DEC37FD1FEA955600354AA0 /* Base */ = {isa = PBXFileReference; lastKnownFileType = file.storyboard; name = Base; path = Base.lproj/LaunchScreen.storyboard; sourceTree = "<group>"; };
		6DEC37FF1FEA955600354AA0 /* Info.plist */ = {isa = PBXFileReference; lastKnownFileType = text.plist.xml; path = Info.plist; sourceTree = "<group>"; };
		6DEC38001FEA955600354AA0 /* main.m */ = {isa = PBXFileReference; lastKnownFileType = sourcecode.c.objc; path = main.m; sourceTree = "<group>"; };
/* End PBXFileReference section */

/* Begin PBXFrameworksBuildPhase section */
		6DEC37EB1FEA955600354AA0 /* Frameworks */ = {
			isa = PBXFrameworksBuildPhase;
			buildActionMask = 2147483647;
			files = (
			);
			runOnlyForDeploymentPostprocessing = 0;
		};
/* End PBXFrameworksBuildPhase section */

/* Begin PBXGroup section */
		6DEC37E51FEA955600354AA0 = {
			isa = PBXGroup;
			children = (
				6DEC37F01FEA955600354AA0 /* XZYLeadViewController */,
				6DEC37EF1FEA955600354AA0 /* Products */,
			);
			sourceTree = "<group>";
		};
		6DEC37EF1FEA955600354AA0 /* Products */ = {
			isa = PBXGroup;
			children = (
				6DEC37EE1FEA955600354AA0 /* XZYLeadViewController.app */,
			);
			name = Products;
			sourceTree = "<group>";
		};
		6DEC37F01FEA955600354AA0 /* XZYLeadViewController */ = {
			isa = PBXGroup;
			children = (
				6DEC38071FEA956500354AA0 /* Classes */,
				6DEC37F11FEA955600354AA0 /* AppDelegate.h */,
				6DEC37F21FEA955600354AA0 /* AppDelegate.m */,
				6DEC37F41FEA955600354AA0 /* ViewController.h */,
				6DEC37F51FEA955600354AA0 /* ViewController.m */,
				6DEC37F71FEA955600354AA0 /* Main.storyboard */,
				6DEC37FA1FEA955600354AA0 /* Assets.xcassets */,
				6DEC37FC1FEA955600354AA0 /* LaunchScreen.storyboard */,
				6DEC37FF1FEA955600354AA0 /* Info.plist */,
				6DEC38001FEA955600354AA0 /* main.m */,
			);
			path = XZYLeadViewController;
			sourceTree = "<group>";
		};
		6DEC38071FEA956500354AA0 /* Classes */ = {
			isa = PBXGroup;
			children = (
				6D10B8391FEB56AD0052DD60 /* XZYLeadScrollView.h */,
				6D10B83A1FEB56AD0052DD60 /* XZYLeadScrollView.m */,
			);
			path = Classes;
			sourceTree = "<group>";
		};
/* End PBXGroup section */

/* Begin PBXNativeTarget section */
		6DEC37ED1FEA955600354AA0 /* XZYLeadViewController */ = {
			isa = PBXNativeTarget;
			buildConfigurationList = 6DEC38041FEA955600354AA0 /* Build configuration list for PBXNativeTarget "XZYLeadViewController" */;
			buildPhases = (
				6DEC37EA1FEA955600354AA0 /* Sources */,
				6DEC37EB1FEA955600354AA0 /* Frameworks */,
				6DEC37EC1FEA955600354AA0 /* Resources */,
			);
			buildRules = (
			);
			dependencies = (
			);
			name = XZYLeadViewController;
			productName = XZYLeadViewController;
			productReference = 6DEC37EE1FEA955600354AA0 /* XZYLeadViewController.app */;
			productType = "com.apple.product-type.application";
		};
/* End PBXNativeTarget section */

/* Begin PBXProject section */
		6DEC37E61FEA955600354AA0 /* Project object */ = {
			isa = PBXProject;
			attributes = {
				LastUpgradeCheck = 0910;
				ORGANIZATIONNAME = "徐自由";
				TargetAttributes = {
					6DEC37ED1FEA955600354AA0 = {
						CreatedOnToolsVersion = 9.1;
						ProvisioningStyle = Automatic;
					};
				};
			};
			buildConfigurationList = 6DEC37E91FEA955600354AA0 /* Build configuration list for PBXProject "XZYLeadViewController" */;
			compatibilityVersion = "Xcode 8.0";
			developmentRegion = en;
			hasScannedForEncodings = 0;
			knownRegions = (
				en,
				Base,
			);
			mainGroup = 6DEC37E51FEA955600354AA0;
			productRefGroup = 6DEC37EF1FEA955600354AA0 /* Products */;
			projectDirPath = "";
			projectRoot = "";
			targets = (
				6DEC37ED1FEA955600354AA0 /* XZYLeadViewController */,
			);
		};
/* End PBXProject section */

/* Begin PBXResourcesBuildPhase section */
		6DEC37EC1FEA955600354AA0 /* Resources */ = {
			isa = PBXResourcesBuildPhase;
			buildActionMask = 2147483647;
			files = (
				6DEC37FE1FEA955600354AA0 /* LaunchScreen.storyboard in Resources */,
				6DEC37FB1FEA955600354AA0 /* Assets.xcassets in Resources */,
				6DEC37F91FEA955600354AA0 /* Main.storyboard in Resources */,
			);
			runOnlyForDeploymentPostprocessing = 0;
		};
/* End PBXResourcesBuildPhase section */

/* Begin PBXSourcesBuildPhase section */
		6DEC37EA1FEA955600354AA0 /* Sources */ = {
			isa = PBXSourcesBuildPhase;
			buildActionMask = 2147483647;
			files = (
				6DEC37F61FEA955600354AA0 /* ViewController.m in Sources */,
				6D10B83B1FEB56AD0052DD60 /* XZYLeadScrollView.m in Sources */,
				6DEC38011FEA955600354AA0 /* main.m in Sources */,
				6DEC37F31FEA955600354AA0 /* AppDelegate.m in Sources */,
			);
			runOnlyForDeploymentPostprocessing = 0;
		};
/* End PBXSourcesBuildPhase section */

/* Begin PBXVariantGroup section */
		6DEC37F71FEA955600354AA0 /* Main.storyboard */ = {
			isa = PBXVariantGroup;
			children = (
				6DEC37F81FEA955600354AA0 /* Base */,
			);
			name = Main.storyboard;
			sourceTree = "<group>";
		};
		6DEC37FC1FEA955600354AA0 /* LaunchScreen.storyboard */ = {
			isa = PBXVariantGroup;
			children = (
				6DEC37FD1FEA955600354AA0 /* Base */,
			);
			name = LaunchScreen.storyboard;
			sourceTree = "<group>";
		};
/* End PBXVariantGroup section */

/* Begin XCBuildConfiguration section */
		6DEC38021FEA955600354AA0 /* Debug */ = {
			isa = XCBuildConfiguration;
			buildSettings = {
				ALWAYS_SEARCH_USER_PATHS = NO;
				CLANG_ANALYZER_NONNULL = YES;
				CLANG_ANALYZER_NUMBER_OBJECT_CONVERSION = YES_AGGRESSIVE;
				CLANG_CXX_LANGUAGE_STANDARD = "gnu++14";
				CLANG_CXX_LIBRARY = "libc++";
				CLANG_ENABLE_MODULES = YES;
				CLANG_ENABLE_OBJC_ARC = YES;
				CLANG_WARN_BLOCK_CAPTURE_AUTORELEASING = YES;
				CLANG_WARN_BOOL_CONVERSION = YES;
				CLANG_WARN_COMMA = YES;
				CLANG_WARN_CONSTANT_CONVERSION = YES;
				CLANG_WARN_DIRECT_OBJC_ISA_USAGE = YES_ERROR;
				CLANG_WARN_DOCUMENTATION_COMMENTS = YES;
				CLANG_WARN_EMPTY_BODY = YES;
				CLANG_WARN_ENUM_CONVERSION = YES;
				CLANG_WARN_INFINITE_RECURSION = YES;
				CLANG_WARN_INT_CONVERSION = YES;
				CLANG_WARN_NON_LITERAL_NULL_CONVERSION = YES;
				CLANG_WARN_OBJC_LITERAL_CONVERSION = YES;
				CLANG_WARN_OBJC_ROOT_CLASS = YES_ERROR;
				CLANG_WARN_RANGE_LOOP_ANALYSIS = YES;
				CLANG_WARN_STRICT_PROTOTYPES = YES;
				CLANG_WARN_SUSPICIOUS_MOVE = YES;
				CLANG_WARN_UNGUARDED_AVAILABILITY = YES_AGGRESSIVE;
				CLANG_WARN_UNREACHABLE_CODE = YES;
				CLANG_WARN__DUPLICATE_METHOD_MATCH = YES;
				CODE_SIGN_IDENTITY = "iPhone Developer";
				COPY_PHASE_STRIP = NO;
				DEBUG_INFORMATION_FORMAT = dwarf;
				ENABLE_STRICT_OBJC_MSGSEND = YES;
				ENABLE_TESTABILITY = YES;
				GCC_C_LANGUAGE_STANDARD = gnu11;
				GCC_DYNAMIC_NO_PIC = NO;
				GCC_NO_COMMON_BLOCKS = YES;
				GCC_OPTIMIZATION_LEVEL = 0;
				GCC_PREPROCESSOR_DEFINITIONS = (
					"DEBUG=1",
					"$(inherited)",
				);
				GCC_WARN_64_TO_32_BIT_CONVERSION = YES;
				GCC_WARN_ABOUT_RETURN_TYPE = YES_ERROR;
				GCC_WARN_UNDECLARED_SELECTOR = YES;
				GCC_WARN_UNINITIALIZED_AUTOS = YES_AGGRESSIVE;
				GCC_WARN_UNUSED_FUNCTION = YES;
				GCC_WARN_UNUSED_VARIABLE = YES;
				IPHONEOS_DEPLOYMENT_TARGET = 11.1;
				MTL_ENABLE_DEBUG_INFO = YES;
				ONLY_ACTIVE_ARCH = YES;
				SDKROOT = iphoneos;
			};
			name = Debug;
		};
		6DEC38031FEA955600354AA0 /* Release */ = {
			isa = XCBuildConfiguration;
			buildSettings = {
				ALWAYS_SEARCH_USER_PATHS = NO;
				CLANG_ANALYZER_NONNULL = YES;
				CLANG_ANALYZER_NUMBER_OBJECT_CONVERSION = YES_AGGRESSIVE;
				CLANG_CXX_LANGUAGE_STANDARD = "gnu++14";
				CLANG_CXX_LIBRARY = "libc++";
				CLANG_ENABLE_MODULES = YES;
				CLANG_ENABLE_OBJC_ARC = YES;
				CLANG_WARN_BLOCK_CAPTURE_AUTORELEASING = YES;
				CLANG_WARN_BOOL_CONVERSION = YES;
				CLANG_WARN_COMMA = YES;
				CLANG_WARN_CONSTANT_CONVERSION = YES;
				CLANG_WARN_DIRECT_OBJC_ISA_USAGE = YES_ERROR;
				CLANG_WARN_DOCUMENTATION_COMMENTS = YES;
				CLANG_WARN_EMPTY_BODY = YES;
				CLANG_WARN_ENUM_CONVERSION = YES;
				CLANG_WARN_INFINITE_RECURSION = YES;
				CLANG_WARN_INT_CONVERSION = YES;
				CLANG_WARN_NON_LITERAL_NULL_CONVERSION = YES;
				CLANG_WARN_OBJC_LITERAL_CONVERSION = YES;
				CLANG_WARN_OBJC_ROOT_CLASS = YES_ERROR;
				CLANG_WARN_RANGE_LOOP_ANALYSIS = YES;
				CLANG_WARN_STRICT_PROTOTYPES = YES;
				CLANG_WARN_SUSPICIOUS_MOVE = YES;
				CLANG_WARN_UNGUARDED_AVAILABILITY = YES_AGGRESSIVE;
				CLANG_WARN_UNREACHABLE_CODE = YES;
				CLANG_WARN__DUPLICATE_METHOD_MATCH = YES;
				CODE_SIGN_IDENTITY = "iPhone Developer";
				COPY_PHASE_STRIP = NO;
				DEBUG_INFORMATION_FORMAT = "dwarf-with-dsym";
				ENABLE_NS_ASSERTIONS = NO;
				ENABLE_STRICT_OBJC_MSGSEND = YES;
				GCC_C_LANGUAGE_STANDARD = gnu11;
				GCC_NO_COMMON_BLOCKS = YES;
				GCC_WARN_64_TO_32_BIT_CONVERSION = YES;
				GCC_WARN_ABOUT_RETURN_TYPE = YES_ERROR;
				GCC_WARN_UNDECLARED_SELECTOR = YES;
				GCC_WARN_UNINITIALIZED_AUTOS = YES_AGGRESSIVE;
				GCC_WARN_UNUSED_FUNCTION = YES;
				GCC_WARN_UNUSED_VARIABLE = YES;
				IPHONEOS_DEPLOYMENT_TARGET = 11.1;
				MTL_ENABLE_DEBUG_INFO = NO;
				SDKROOT = iphoneos;
				VALIDATE_PRODUCT = YES;
			};
			name = Release;
		};
		6DEC38051FEA955600354AA0 /* Debug */ = {
			isa = XCBuildConfiguration;
			buildSettings = {
				ASSETCATALOG_COMPILER_APPICON_NAME = AppIcon;
				ASSETCATALOG_COMPILER_LAUNCHIMAGE_NAME = LaunchImage;
				CODE_SIGN_STYLE = Automatic;
				INFOPLIST_FILE = XZYLeadViewController/Info.plist;
				LD_RUNPATH_SEARCH_PATHS = "$(inherited) @executable_path/Frameworks";
				PRODUCT_BUNDLE_IDENTIFIER = com.chepeilong.XZYLeadViewController;
				PRODUCT_NAME = "$(TARGET_NAME)";
				TARGETED_DEVICE_FAMILY = "1,2";
			};
			name = Debug;
		};
		6DEC38061FEA955600354AA0 /* Release */ = {
			isa = XCBuildConfiguration;
			buildSettings = {
				ASSETCATALOG_COMPILER_APPICON_NAME = AppIcon;
				ASSETCATALOG_COMPILER_LAUNCHIMAGE_NAME = LaunchImage;
				CODE_SIGN_STYLE = Automatic;
				INFOPLIST_FILE = XZYLeadViewController/Info.plist;
				LD_RUNPATH_SEARCH_PATHS = "$(inherited) @executable_path/Frameworks";
				PRODUCT_BUNDLE_IDENTIFIER = com.chepeilong.XZYLeadViewController;
				PRODUCT_NAME = "$(TARGET_NAME)";
				TARGETED_DEVICE_FAMILY = "1,2";
			};
			name = Release;
		};
/* End XCBuildConfiguration section */

/* Begin XCConfigurationList section */
		6DEC37E91FEA955600354AA0 /* Build configuration list for PBXProject "XZYLeadViewController" */ = {
			isa = XCConfigurationList;
			buildConfigurations = (
				6DEC38021FEA955600354AA0 /* Debug */,
				6DEC38031FEA955600354AA0 /* Release */,
			);
			defaultConfigurationIsVisible = 0;
			defaultConfigurationName = Release;
		};
		6DEC38041FEA955600354AA0 /* Build configuration list for PBXNativeTarget "XZYLeadViewController" */ = {
			isa = XCConfigurationList;
			buildConfigurations = (
				6DEC38051FEA955600354AA0 /* Debug */,
				6DEC38061FEA955600354AA0 /* Release */,
			);
			defaultConfigurationIsVisible = 0;
			defaultConfigurationName = Release;
		};
/* End XCConfigurationList section */
	};
	rootObject = 6DEC37E61FEA955600354AA0 /* Project object */;
}
